// !$*UTF8*$!
{
	archiveVersion = 1;
	classes = {
	};
	objectVersion = 46;
	objects = {

/* Begin PBXBuildFile section */
		3D3D21E817274C180033CD43 /* UIKit.framework in Frameworks */ = {isa = PBXBuildFile; fileRef = 3D3D21E717274C180033CD43 /* UIKit.framework */; };
		3D3D21EA17274C180033CD43 /* Foundation.framework in Frameworks */ = {isa = PBXBuildFile; fileRef = 3D3D21E917274C180033CD43 /* Foundation.framework */; };
		3D3D21EC17274C180033CD43 /* CoreGraphics.framework in Frameworks */ = {isa = PBXBuildFile; fileRef = 3D3D21EB17274C180033CD43 /* CoreGraphics.framework */; };
		3D3D21F217274C180033CD43 /* InfoPlist.strings in Resources */ = {isa = PBXBuildFile; fileRef = 3D3D21F017274C180033CD43 /* InfoPlist.strings */; };
		3D3D21F417274C180033CD43 /* main.m in Sources */ = {isa = PBXBuildFile; fileRef = 3D3D21F317274C180033CD43 /* main.m */; };
		3D3D21F817274C180033CD43 /* AppDelegate.m in Sources */ = {isa = PBXBuildFile; fileRef = 3D3D21F717274C180033CD43 /* AppDelegate.m */; };
		3D3D21FA17274C180033CD43 /* Default.png in Resources */ = {isa = PBXBuildFile; fileRef = 3D3D21F917274C180033CD43 /* Default.png */; };
		3D3D21FC17274C180033CD43 /* Default@2x.png in Resources */ = {isa = PBXBuildFile; fileRef = 3D3D21FB17274C180033CD43 /* Default@2x.png */; };
		3D3D21FE17274C180033CD43 /* Default-568h@2x.png in Resources */ = {isa = PBXBuildFile; fileRef = 3D3D21FD17274C180033CD43 /* Default-568h@2x.png */; };
		3D3D220117274C180033CD43 /* MainStoryboard_iPhone.storyboard in Resources */ = {isa = PBXBuildFile; fileRef = 3D3D21FF17274C180033CD43 /* MainStoryboard_iPhone.storyboard */; };
		3D3D220417274C180033CD43 /* MainStoryboard_iPad.storyboard in Resources */ = {isa = PBXBuildFile; fileRef = 3D3D220217274C180033CD43 /* MainStoryboard_iPad.storyboard */; };
		3D3D220717274C180033CD43 /* ViewController.m in Sources */ = {isa = PBXBuildFile; fileRef = 3D3D220617274C180033CD43 /* ViewController.m */; };
		3D3D220F17274C190033CD43 /* SenTestingKit.framework in Frameworks */ = {isa = PBXBuildFile; fileRef = 3D3D220E17274C190033CD43 /* SenTestingKit.framework */; };
		3D3D221017274C190033CD43 /* UIKit.framework in Frameworks */ = {isa = PBXBuildFile; fileRef = 3D3D21E717274C180033CD43 /* UIKit.framework */; };
		3D3D221117274C190033CD43 /* Foundation.framework in Frameworks */ = {isa = PBXBuildFile; fileRef = 3D3D21E917274C180033CD43 /* Foundation.framework */; };
		3D3D221917274C190033CD43 /* InfoPlist.strings in Resources */ = {isa = PBXBuildFile; fileRef = 3D3D221717274C190033CD43 /* InfoPlist.strings */; };
		3D3D221C17274C190033CD43 /* massTransitTests.m in Sources */ = {isa = PBXBuildFile; fileRef = 3D3D221B17274C190033CD43 /* massTransitTests.m */; };
/* End PBXBuildFile section */

/* Begin PBXContainerItemProxy section */
		3D3D221217274C190033CD43 /* PBXContainerItemProxy */ = {
			isa = PBXContainerItemProxy;
			containerPortal = 3D3D21DC17274C180033CD43 /* Project object */;
			proxyType = 1;
			remoteGlobalIDString = 3D3D21E317274C180033CD43;
			remoteInfo = massTransit;
		};
/* End PBXContainerItemProxy section */

/* Begin PBXFileReference section */
		3D3D21E417274C180033CD43 /* massTransit.app */ = {isa = PBXFileReference; explicitFileType = wrapper.application; includeInIndex = 0; path = massTransit.app; sourceTree = BUILT_PRODUCTS_DIR; };
		3D3D21E717274C180033CD43 /* UIKit.framework */ = {isa = PBXFileReference; lastKnownFileType = wrapper.framework; name = UIKit.framework; path = System/Library/Frameworks/UIKit.framework; sourceTree = SDKROOT; };
		3D3D21E917274C180033CD43 /* Foundation.framework */ = {isa = PBXFileReference; lastKnownFileType = wrapper.framework; name = Foundation.framework; path = System/Library/Frameworks/Foundation.framework; sourceTree = SDKROOT; };
		3D3D21EB17274C180033CD43 /* CoreGraphics.framework */ = {isa = PBXFileReference; lastKnownFileType = wrapper.framework; name = CoreGraphics.framework; path = System/Library/Frameworks/CoreGraphics.framework; sourceTree = SDKROOT; };
		3D3D21EF17274C180033CD43 /* massTransit-Info.plist */ = {isa = PBXFileReference; lastKnownFileType = text.plist.xml; path = "massTransit-Info.plist"; sourceTree = "<group>"; };
		3D3D21F117274C180033CD43 /* en */ = {isa = PBXFileReference; lastKnownFileType = text.plist.strings; name = en; path = en.lproj/InfoPlist.strings; sourceTree = "<group>"; };
		3D3D21F317274C180033CD43 /* main.m */ = {isa = PBXFileReference; lastKnownFileType = sourcecode.c.objc; path = main.m; sourceTree = "<group>"; };
		3D3D21F517274C180033CD43 /* massTransit-Prefix.pch */ = {isa = PBXFileReference; lastKnownFileType = sourcecode.c.h; path = "massTransit-Prefix.pch"; sourceTree = "<group>"; };
		3D3D21F617274C180033CD43 /* AppDelegate.h */ = {isa = PBXFileReference; lastKnownFileType = sourcecode.c.h; path = AppDelegate.h; sourceTree = "<group>"; };
		3D3D21F717274C180033CD43 /* AppDelegate.m */ = {isa = PBXFileReference; lastKnownFileType = sourcecode.c.objc; path = AppDelegate.m; sourceTree = "<group>"; };
		3D3D21F917274C180033CD43 /* Default.png */ = {isa = PBXFileReference; lastKnownFileType = image.png; path = Default.png; sourceTree = "<group>"; };
		3D3D21FB17274C180033CD43 /* Default@2x.png */ = {isa = PBXFileReference; lastKnownFileType = image.png; path = "Default@2x.png"; sourceTree = "<group>"; };
		3D3D21FD17274C180033CD43 /* Default-568h@2x.png */ = {isa = PBXFileReference; lastKnownFileType = image.png; path = "Default-568h@2x.png"; sourceTree = "<group>"; };
		3D3D220017274C180033CD43 /* en */ = {isa = PBXFileReference; lastKnownFileType = file.storyboard; name = en; path = en.lproj/MainStoryboard_iPhone.storyboard; sourceTree = "<group>"; };
		3D3D220317274C180033CD43 /* en */ = {isa = PBXFileReference; lastKnownFileType = file.storyboard; name = en; path = en.lproj/MainStoryboard_iPad.storyboard; sourceTree = "<group>"; };
		3D3D220517274C180033CD43 /* ViewController.h */ = {isa = PBXFileReference; lastKnownFileType = sourcecode.c.h; path = ViewController.h; sourceTree = "<group>"; };
		3D3D220617274C180033CD43 /* ViewController.m */ = {isa = PBXFileReference; lastKnownFileType = sourcecode.c.objc; path = ViewController.m; sourceTree = "<group>"; };
		3D3D220D17274C190033CD43 /* massTransitTests.octest */ = {isa = PBXFileReference; explicitFileType = wrapper.cfbundle; includeInIndex = 0; path = massTransitTests.octest; sourceTree = BUILT_PRODUCTS_DIR; };
		3D3D220E17274C190033CD43 /* SenTestingKit.framework */ = {isa = PBXFileReference; lastKnownFileType = wrapper.framework; name = SenTestingKit.framework; path = Library/Frameworks/SenTestingKit.framework; sourceTree = DEVELOPER_DIR; };
		3D3D221617274C190033CD43 /* massTransitTests-Info.plist */ = {isa = PBXFileReference; lastKnownFileType = text.plist.xml; path = "massTransitTests-Info.plist"; sourceTree = "<group>"; };
		3D3D221817274C190033CD43 /* en */ = {isa = PBXFileReference; lastKnownFileType = text.plist.strings; name = en; path = en.lproj/InfoPlist.strings; sourceTree = "<group>"; };
		3D3D221A17274C190033CD43 /* massTransitTests.h */ = {isa = PBXFileReference; lastKnownFileType = sourcecode.c.h; path = massTransitTests.h; sourceTree = "<group>"; };
		3D3D221B17274C190033CD43 /* massTransitTests.m */ = {isa = PBXFileReference; lastKnownFileType = sourcecode.c.objc; path = massTransitTests.m; sourceTree = "<group>"; };
/* End PBXFileReference section */

/* Begin PBXFrameworksBuildPhase section */
		3D3D21E117274C180033CD43 /* Frameworks */ = {
			isa = PBXFrameworksBuildPhase;
			buildActionMask = 2147483647;
			files = (
				3D3D21E817274C180033CD43 /* UIKit.framework in Frameworks */,
				3D3D21EA17274C180033CD43 /* Foundation.framework in Frameworks */,
				3D3D21EC17274C180033CD43 /* CoreGraphics.framework in Frameworks */,
			);
			runOnlyForDeploymentPostprocessing = 0;
		};
		3D3D220917274C190033CD43 /* Frameworks */ = {
			isa = PBXFrameworksBuildPhase;
			buildActionMask = 2147483647;
			files = (
				3D3D220F17274C190033CD43 /* SenTestingKit.framework in Frameworks */,
				3D3D221017274C190033CD43 /* UIKit.framework in Frameworks */,
				3D3D221117274C190033CD43 /* Foundation.framework in Frameworks */,
			);
			runOnlyForDeploymentPostprocessing = 0;
		};
/* End PBXFrameworksBuildPhase section */

/* Begin PBXGroup section */
		3D3D21DB17274C180033CD43 = {
			isa = PBXGroup;
			children = (
				3D3D21ED17274C180033CD43 /* massTransit */,
				3D3D221417274C190033CD43 /* massTransitTests */,
				3D3D21E617274C180033CD43 /* Frameworks */,
				3D3D21E517274C180033CD43 /* Products */,
			);
			sourceTree = "<group>";
		};
		3D3D21E517274C180033CD43 /* Products */ = {
			isa = PBXGroup;
			children = (
				3D3D21E417274C180033CD43 /* massTransit.app */,
				3D3D220D17274C190033CD43 /* massTransitTests.octest */,
			);
			name = Products;
			sourceTree = "<group>";
		};
		3D3D21E617274C180033CD43 /* Frameworks */ = {
			isa = PBXGroup;
			children = (
				3D3D21E717274C180033CD43 /* UIKit.framework */,
				3D3D21E917274C180033CD43 /* Foundation.framework */,
				3D3D21EB17274C180033CD43 /* CoreGraphics.framework */,
				3D3D220E17274C190033CD43 /* SenTestingKit.framework */,
			);
			name = Frameworks;
			sourceTree = "<group>";
		};
		3D3D21ED17274C180033CD43 /* massTransit */ = {
			isa = PBXGroup;
			children = (
				3D3D21F617274C180033CD43 /* AppDelegate.h */,
				3D3D21F717274C180033CD43 /* AppDelegate.m */,
				3D3D21FF17274C180033CD43 /* MainStoryboard_iPhone.storyboard */,
				3D3D220217274C180033CD43 /* MainStoryboard_iPad.storyboard */,
				3D3D220517274C180033CD43 /* ViewController.h */,
				3D3D220617274C180033CD43 /* ViewController.m */,
				3D3D21EE17274C180033CD43 /* Supporting Files */,
			);
			path = massTransit;
			sourceTree = "<group>";
		};
		3D3D21EE17274C180033CD43 /* Supporting Files */ = {
			isa = PBXGroup;
			children = (
				3D3D21EF17274C180033CD43 /* massTransit-Info.plist */,
				3D3D21F017274C180033CD43 /* InfoPlist.strings */,
				3D3D21F317274C180033CD43 /* main.m */,
				3D3D21F517274C180033CD43 /* massTransit-Prefix.pch */,
				3D3D21F917274C180033CD43 /* Default.png */,
				3D3D21FB17274C180033CD43 /* Default@2x.png */,
				3D3D21FD17274C180033CD43 /* Default-568h@2x.png */,
			);
			name = "Supporting Files";
			sourceTree = "<group>";
		};
		3D3D221417274C190033CD43 /* massTransitTests */ = {
			isa = PBXGroup;
			children = (
				3D3D221A17274C190033CD43 /* massTransitTests.h */,
				3D3D221B17274C190033CD43 /* massTransitTests.m */,
				3D3D221517274C190033CD43 /* Supporting Files */,
			);
			path = massTransitTests;
			sourceTree = "<group>";
		};
		3D3D221517274C190033CD43 /* Supporting Files */ = {
			isa = PBXGroup;
			children = (
				3D3D221617274C190033CD43 /* massTransitTests-Info.plist */,
				3D3D221717274C190033CD43 /* InfoPlist.strings */,
			);
			name = "Supporting Files";
			sourceTree = "<group>";
		};
/* End PBXGroup section */

/* Begin PBXNativeTarget section */
		3D3D21E317274C180033CD43 /* massTransit */ = {
			isa = PBXNativeTarget;
			buildConfigurationList = 3D3D221F17274C190033CD43 /* Build configuration list for PBXNativeTarget "massTransit" */;
			buildPhases = (
				3D3D21E017274C180033CD43 /* Sources */,
				3D3D21E117274C180033CD43 /* Frameworks */,
				3D3D21E217274C180033CD43 /* Resources */,
			);
			buildRules = (
			);
			dependencies = (
			);
			name = massTransit;
			productName = massTransit;
			productReference = 3D3D21E417274C180033CD43 /* massTransit.app */;
			productType = "com.apple.product-type.application";
		};
		3D3D220C17274C190033CD43 /* massTransitTests */ = {
			isa = PBXNativeTarget;
			buildConfigurationList = 3D3D222217274C190033CD43 /* Build configuration list for PBXNativeTarget "massTransitTests" */;
			buildPhases = (
				3D3D220817274C190033CD43 /* Sources */,
				3D3D220917274C190033CD43 /* Frameworks */,
				3D3D220A17274C190033CD43 /* Resources */,
				3D3D220B17274C190033CD43 /* ShellScript */,
			);
			buildRules = (
			);
			dependencies = (
				3D3D221317274C190033CD43 /* PBXTargetDependency */,
			);
			name = massTransitTests;
			productName = massTransitTests;
			productReference = 3D3D220D17274C190033CD43 /* massTransitTests.octest */;
			productType = "com.apple.product-type.bundle";
		};
/* End PBXNativeTarget section */

/* Begin PBXProject section */
		3D3D21DC17274C180033CD43 /* Project object */ = {
			isa = PBXProject;
			attributes = {
				LastUpgradeCheck = 0460;
				ORGANIZATIONNAME = "William Short";
			};
			buildConfigurationList = 3D3D21DF17274C180033CD43 /* Build configuration list for PBXProject "massTransit" */;
			compatibilityVersion = "Xcode 3.2";
			developmentRegion = English;
			hasScannedForEncodings = 0;
			knownRegions = (
				en,
			);
			mainGroup = 3D3D21DB17274C180033CD43;
			productRefGroup = 3D3D21E517274C180033CD43 /* Products */;
			projectDirPath = "";
			projectRoot = "";
			targets = (
				3D3D21E317274C180033CD43 /* massTransit */,
				3D3D220C17274C190033CD43 /* massTransitTests */,
			);
		};
/* End PBXProject section */

/* Begin PBXResourcesBuildPhase section */
		3D3D21E217274C180033CD43 /* Resources */ = {
			isa = PBXResourcesBuildPhase;
			buildActionMask = 2147483647;
			files = (
				3D3D21F217274C180033CD43 /* InfoPlist.strings in Resources */,
				3D3D21FA17274C180033CD43 /* Default.png in Resources */,
				3D3D21FC17274C180033CD43 /* Default@2x.png in Resources */,
				3D3D21FE17274C180033CD43 /* Default-568h@2x.png in Resources */,
				3D3D220117274C180033CD43 /* MainStoryboard_iPhone.storyboard in Resources */,
				3D3D220417274C180033CD43 /* MainStoryboard_iPad.storyboard in Resources */,
			);
			runOnlyForDeploymentPostprocessing = 0;
		};
		3D3D220A17274C190033CD43 /* Resources */ = {
			isa = PBXResourcesBuildPhase;
			buildActionMask = 2147483647;
			files = (
				3D3D221917274C190033CD43 /* InfoPlist.strings in Resources */,
			);
			runOnlyForDeploymentPostprocessing = 0;
		};
/* End PBXResourcesBuildPhase section */

/* Begin PBXShellScriptBuildPhase section */
		3D3D220B17274C190033CD43 /* ShellScript */ = {
			isa = PBXShellScriptBuildPhase;
			buildActionMask = 2147483647;
			files = (
			);
			inputPaths = (
			);
			outputPaths = (
			);
			runOnlyForDeploymentPostprocessing = 0;
			shellPath = /bin/sh;
			shellScript = "# Run the unit tests in this test bundle.\n\"${SYSTEM_DEVELOPER_DIR}/Tools/RunUnitTests\"\n";
		};
/* End PBXShellScriptBuildPhase section */

/* Begin PBXSourcesBuildPhase section */
		3D3D21E017274C180033CD43 /* Sources */ = {
			isa = PBXSourcesBuildPhase;
			buildActionMask = 2147483647;
			files = (
				3D3D21F417274C180033CD43 /* main.m in Sources */,
				3D3D21F817274C180033CD43 /* AppDelegate.m in Sources */,
				3D3D220717274C180033CD43 /* ViewController.m in Sources */,
			);
			runOnlyForDeploymentPostprocessing = 0;
		};
		3D3D220817274C190033CD43 /* Sources */ = {
			isa = PBXSourcesBuildPhase;
			buildActionMask = 2147483647;
			files = (
				3D3D221C17274C190033CD43 /* massTransitTests.m in Sources */,
			);
			runOnlyForDeploymentPostprocessing = 0;
		};
/* End PBXSourcesBuildPhase section */

/* Begin PBXTargetDependency section */
		3D3D221317274C190033CD43 /* PBXTargetDependency */ = {
			isa = PBXTargetDependency;
			target = 3D3D21E317274C180033CD43 /* massTransit */;
			targetProxy = 3D3D221217274C190033CD43 /* PBXContainerItemProxy */;
		};
/* End PBXTargetDependency section */

/* Begin PBXVariantGroup section */
		3D3D21F017274C180033CD43 /* InfoPlist.strings */ = {
			isa = PBXVariantGroup;
			children = (
				3D3D21F117274C180033CD43 /* en */,
			);
			name = InfoPlist.strings;
			sourceTree = "<group>";
		};
		3D3D21FF17274C180033CD43 /* MainStoryboard_iPhone.storyboard */ = {
			isa = PBXVariantGroup;
			children = (
				3D3D220017274C180033CD43 /* en */,
			);
			name = MainStoryboard_iPhone.storyboard;
			sourceTree = "<group>";
		};
		3D3D220217274C180033CD43 /* MainStoryboard_iPad.storyboard */ = {
			isa = PBXVariantGroup;
			children = (
				3D3D220317274C180033CD43 /* en */,
			);
			name = MainStoryboard_iPad.storyboard;
			sourceTree = "<group>";
		};
		3D3D221717274C190033CD43 /* InfoPlist.strings */ = {
			isa = PBXVariantGroup;
			children = (
				3D3D221817274C190033CD43 /* en */,
			);
			name = InfoPlist.strings;
			sourceTree = "<group>";
		};
/* End PBXVariantGroup section */

/* Begin XCBuildConfiguration section */
		3D3D221D17274C190033CD43 /* Debug */ = {
			isa = XCBuildConfiguration;
			buildSettings = {
				ALWAYS_SEARCH_USER_PATHS = NO;
				CLANG_CXX_LANGUAGE_STANDARD = "gnu++0x";
				CLANG_CXX_LIBRARY = "libc++";
				CLANG_ENABLE_OBJC_ARC = YES;
				CLANG_WARN_CONSTANT_CONVERSION = YES;
				CLANG_WARN_EMPTY_BODY = YES;
				CLANG_WARN_ENUM_CONVERSION = YES;
				CLANG_WARN_INT_CONVERSION = YES;
				CLANG_WARN__DUPLICATE_METHOD_MATCH = YES;
				"CODE_SIGN_IDENTITY[sdk=iphoneos*]" = "iPhone Developer";
				COPY_PHASE_STRIP = NO;
				GCC_C_LANGUAGE_STANDARD = gnu99;
				GCC_DYNAMIC_NO_PIC = NO;
				GCC_OPTIMIZATION_LEVEL = 0;
				GCC_PREPROCESSOR_DEFINITIONS = (
					"DEBUG=1",
					"$(inherited)",
				);
				GCC_SYMBOLS_PRIVATE_EXTERN = NO;
				GCC_WARN_ABOUT_RETURN_TYPE = YES;
				GCC_WARN_UNINITIALIZED_AUTOS = YES;
				GCC_WARN_UNUSED_VARIABLE = YES;
				IPHONEOS_DEPLOYMENT_TARGET = 6.1;
				ONLY_ACTIVE_ARCH = YES;
				SDKROOT = iphoneos;
				TARGETED_DEVICE_FAMILY = "1,2";
			};
			name = Debug;
		};
		3D3D221E17274C190033CD43 /* Release */ = {
			isa = XCBuildConfiguration;
			buildSettings = {
				ALWAYS_SEARCH_USER_PATHS = NO;
				CLANG_CXX_LANGUAGE_STANDARD = "gnu++0x";
				CLANG_CXX_LIBRARY = "libc++";
				CLANG_ENABLE_OBJC_ARC = YES;
				CLANG_WARN_CONSTANT_CONVERSION = YES;
				CLANG_WARN_EMPTY_BODY = YES;
				CLANG_WARN_ENUM_CONVERSION = YES;
				CLANG_WARN_INT_CONVERSION = YES;
				CLANG_WARN__DUPLICATE_METHOD_MATCH = YES;
				"CODE_SIGN_IDENTITY[sdk=iphoneos*]" = "iPhone Developer";
				COPY_PHASE_STRIP = YES;
				GCC_C_LANGUAGE_STANDARD = gnu99;
				GCC_WARN_ABOUT_RETURN_TYPE = YES;
				GCC_WARN_UNINITIALIZED_AUTOS = YES;
				GCC_WARN_UNUSED_VARIABLE = YES;
				IPHONEOS_DEPLOYMENT_TARGET = 6.1;
				OTHER_CFLAGS = "-DNS_BLOCK_ASSERTIONS=1";
				SDKROOT = iphoneos;
				TARGETED_DEVICE_FAMILY = "1,2";
				VALIDATE_PRODUCT = YES;
			};
			name = Release;
		};
		3D3D222017274C190033CD43 /* Debug */ = {
			isa = XCBuildConfiguration;
			buildSettings = {
				GCC_PRECOMPILE_PREFIX_HEADER = YES;
				GCC_PREFIX_HEADER = "massTransit/massTransit-Prefix.pch";
				INFOPLIST_FILE = "massTransit/massTransit-Info.plist";
				PRODUCT_NAME = "$(TARGET_NAME)";
				WRAPPER_EXTENSION = app;
			};
			name = Debug;
		};
		3D3D222117274C190033CD43 /* Release */ = {
			isa = XCBuildConfiguration;
			buildSettings = {
				GCC_PRECOMPILE_PREFIX_HEADER = YES;
				GCC_PREFIX_HEADER = "massTransit/massTransit-Prefix.pch";
				INFOPLIST_FILE = "massTransit/massTransit-Info.plist";
				PRODUCT_NAME = "$(TARGET_NAME)";
				WRAPPER_EXTENSION = app;
			};
			name = Release;
		};
		3D3D222317274C190033CD43 /* Debug */ = {
			isa = XCBuildConfiguration;
			buildSettings = {
				BUNDLE_LOADER = "$(BUILT_PRODUCTS_DIR)/massTransit.app/massTransit";
				FRAMEWORK_SEARCH_PATHS = (
					"\"$(SDKROOT)/Developer/Library/Frameworks\"",
					"\"$(DEVELOPER_LIBRARY_DIR)/Frameworks\"",
				);
				GCC_PRECOMPILE_PREFIX_HEADER = YES;
				GCC_PREFIX_HEADER = "massTransit/massTransit-Prefix.pch";
				INFOPLIST_FILE = "massTransitTests/massTransitTests-Info.plist";
				PRODUCT_NAME = "$(TARGET_NAME)";
				TEST_HOST = "$(BUNDLE_LOADER)";
				WRAPPER_EXTENSION = octest;
			};
			name = Debug;
		};
		3D3D222417274C190033CD43 /* Release */ = {
			isa = XCBuildConfiguration;
			buildSettings = {
				BUNDLE_LOADER = "$(BUILT_PRODUCTS_DIR)/massTransit.app/massTransit";
				FRAMEWORK_SEARCH_PATHS = (
					"\"$(SDKROOT)/Developer/Library/Frameworks\"",
					"\"$(DEVELOPER_LIBRARY_DIR)/Frameworks\"",
				);
				GCC_PRECOMPILE_PREFIX_HEADER = YES;
				GCC_PREFIX_HEADER = "massTransit/massTransit-Prefix.pch";
				INFOPLIST_FILE = "massTransitTests/massTransitTests-Info.plist";
				PRODUCT_NAME = "$(TARGET_NAME)";
				TEST_HOST = "$(BUNDLE_LOADER)";
				WRAPPER_EXTENSION = octest;
			};
			name = Release;
		};
/* End XCBuildConfiguration section */

/* Begin XCConfigurationList section */
		3D3D21DF17274C180033CD43 /* Build configuration list for PBXProject "massTransit" */ = {
			isa = XCConfigurationList;
			buildConfigurations = (
				3D3D221D17274C190033CD43 /* Debug */,
				3D3D221E17274C190033CD43 /* Release */,
			);
			defaultConfigurationIsVisible = 0;
			defaultConfigurationName = Release;
		};
		3D3D221F17274C190033CD43 /* Build configuration list for PBXNativeTarget "massTransit" */ = {
			isa = XCConfigurationList;
			buildConfigurations = (
				3D3D222017274C190033CD43 /* Debug */,
				3D3D222117274C190033CD43 /* Release */,
			);
			defaultConfigurationIsVisible = 0;
		};
		3D3D222217274C190033CD43 /* Build configuration list for PBXNativeTarget "massTransitTests" */ = {
			isa = XCConfigurationList;
			buildConfigurations = (
				3D3D222317274C190033CD43 /* Debug */,
				3D3D222417274C190033CD43 /* Release */,
			);
			defaultConfigurationIsVisible = 0;
		};
/* End XCConfigurationList section */
	};
	rootObject = 3D3D21DC17274C180033CD43 /* Project object */;
}
